{
  "name": "install-module",
  "version": "1.0.0",
  "lockfileVersion": 2,
  "requires": true,
  "packages": {
    "": {
      "name": "install-module",
      "version": "1.0.0",
      "license": "ISC",
      "dependencies": {
        "chalk": "^5.0.1",
        "colores": "^1.0.1"
      }
    },
    "node_modules/chalk": {
      "version": "5.0.1",
      "resolved": "https://registry.npmjs.org/chalk/-/chalk-5.0.1.tgz",
      "integrity": "sha512-Fo07WOYGqMfCWHOzSXOt2CxDbC6skS/jO9ynEcmpANMoPrD+W1r1K6Vx7iNm+AQmETU1Xr2t+n8nzkV9t6xh3w==",
      "engines": {
        "node": "^12.17.0 || ^14.13 || >=16.0.0"
      },
      "funding": {
        "url": "https://github.com/chalk/chalk?sponsor=1"
      }
    },
    "node_modules/colores": {
      "version": "1.0.1",
      "resolved": "https://registry.npmjs.org/colores/-/colores-1.0.1.tgz",
      "integrity": "sha512-7D0yXL6Vsn+gxzqc7+a62t90OeQ5o5XcJd/VgX6NYVykm2Zb+ApU9xpRiZSLjWobUjN5HAU6FafJu8we1HduRw=="
    }
  },
  "dependencies": {
    "chalk": {
      "version": "5.0.1",
      "resolved": "https://registry.npmjs.org/chalk/-/chalk-5.0.1.tgz",
      "integrity": "sha512-Fo07WOYGqMfCWHOzSXOt2CxDbC6skS/jO9ynEcmpANMoPrD+W1r1K6Vx7iNm+AQmETU1Xr2t+n8nzkV9t6xh3w=="
    },
    "colores": {
      "version": "1.0.1",
      "resolved": "https://registry.npmjs.org/colores/-/colores-1.0.1.tgz",
      "integrity": "sha512-7D0yXL6Vsn+gxzqc7+a62t90OeQ5o5XcJd/VgX6NYVykm2Zb+ApU9xpRiZSLjWobUjN5HAU6FafJu8we1HduRw=="
    }
  }
}
